<?xml version="1.0" encoding="utf-8"?>
<Project ToolsVersion="4.0" xmlns="http://schemas.microsoft.com/developer/msbuild/2003">
  <ItemGroup>
    <Filter Include="Исходные файлы">
      <UniqueIdentifier>{4FC737F1-C7A5-4376-A066-2A32D752A2FF}</UniqueIdentifier>
      <Extensions>cpp;c;cc;cxx;c++;cppm;ixx;def;odl;idl;hpj;bat;asm;asmx</Extensions>
    </Filter>
    <Filter Include="Файлы заголовков">
      <UniqueIdentifier>{93995380-89BD-4b04-88EB-625FBE52EBFB}</UniqueIdentifier>
      <Extensions>h;hh;hpp;hxx;h++;hm;inl;inc;ipp;xsd</Extensions>
    </Filter>
    <Filter Include="Файлы ресурсов">
      <UniqueIdentifier>{67DA6AB6-F800-4c08-8B7A-83BB121AAD01}</UniqueIdentifier>
      <Extensions>rc;ico;cur;bmp;dlg;rc2;rct;bin;rgs;gif;jpg;jpeg;jpe;resx;tiff;tif;png;wav;mfcribbon-ms</Extensions>
    </Filter>
    <Filter Include="Файлы заголовков\additional">
      <UniqueIdentifier>{f80cecb9-14ef-434b-ad1d-06f7d59c9895}</UniqueIdentifier>
    </Filter>
    <Filter Include="Файлы заголовков\world">
      <UniqueIdentifier>{6ab7b6bf-388a-418b-907d-6c7f56db5e39}</UniqueIdentifier>
    </Filter>
    <Filter Include="Файлы заголовков\world\settlement">
      <UniqueIdentifier>{aabe6cad-225f-4bf4-bf4f-bccfeb6def52}</UniqueIdentifier>
    </Filter>
    <Filter Include="Файлы заголовков\world\settlement\humans">
      <UniqueIdentifier>{396642b0-cb1c-4c45-8baf-6df6add8ae08}</UniqueIdentifier>
    </Filter>
    <Filter Include="Файлы заголовков\world\settlement\buildings">
      <UniqueIdentifier>{d15d710c-3b4f-4d08-91f5-e38adc87c9a9}</UniqueIdentifier>
    </Filter>
    <Filter Include="Файлы заголовков\world\objects">
      <UniqueIdentifier>{4b79b5b3-a008-40e9-a726-3c099a151907}</UniqueIdentifier>
    </Filter>
    <Filter Include="Файлы заголовков\root">
      <UniqueIdentifier>{bac4a145-cb20-41de-8646-812dbc05a83c}</UniqueIdentifier>
    </Filter>
    <Filter Include="Файлы ресурсов\fieldImges">
      <UniqueIdentifier>{bdee81b0-bbb4-444a-be0b-f0e8c621b23a}</UniqueIdentifier>
    </Filter>
    <Filter Include="Файлы ресурсов\headerImgs">
      <UniqueIdentifier>{a3c9d432-f12d-4aff-955c-c0a3c824a091}</UniqueIdentifier>
    </Filter>
  </ItemGroup>
  <ItemGroup>
    <ClCompile Include="main.cpp">
      <Filter>Исходные файлы</Filter>
    </ClCompile>
    <ClCompile Include="humanClass.cpp">
      <Filter>Исходные файлы</Filter>
    </ClCompile>
    <ClCompile Include="settings.cpp">
      <Filter>Исходные файлы</Filter>
    </ClCompile>
    <ClCompile Include="queueClass.cpp">
      <Filter>Исходные файлы</Filter>
    </ClCompile>
    <ClCompile Include="houseClass.cpp">
      <Filter>Исходные файлы</Filter>
    </ClCompile>
    <ClCompile Include="farmClass.cpp">
      <Filter>Исходные файлы</Filter>
    </ClCompile>
    <ClCompile Include="objectClass.cpp">
      <Filter>Исходные файлы</Filter>
    </ClCompile>
    <ClCompile Include="builderClass.cpp">
      <Filter>Исходные файлы</Filter>
    </ClCompile>
    <ClCompile Include="farmerClass.cpp">
      <Filter>Исходные файлы</Filter>
    </ClCompile>
    <ClCompile Include="treeClass.cpp">
      <Filter>Исходные файлы</Filter>
    </ClCompile>
    <ClCompile Include="bushClass.cpp">
      <Filter>Исходные файлы</Filter>
    </ClCompile>
    <ClCompile Include="rockClass.cpp">
      <Filter>Исходные файлы</Filter>
    </ClCompile>
    <ClCompile Include="houseAreaClass.cpp">
      <Filter>Исходные файлы</Filter>
    </ClCompile>
    <ClCompile Include="baseGameClass.cpp">
      <Filter>Исходные файлы</Filter>
    </ClCompile>
    <ClCompile Include="fieldClass.cpp">
      <Filter>Исходные файлы</Filter>
    </ClCompile>
    <ClCompile Include="imageClass.cpp">
      <Filter>Исходные файлы</Filter>
    </ClCompile>
    <ClCompile Include="settlmentActionsClass.cpp">
      <Filter>Исходные файлы</Filter>
    </ClCompile>
    <ClCompile Include="headerClass.cpp">
      <Filter>Исходные файлы</Filter>
    </ClCompile>
  </ItemGroup>
  <ItemGroup>
    <ClInclude Include="objectClass.h">
      <Filter>Файлы заголовков\world\objects</Filter>
    </ClInclude>
    <ClInclude Include="farmClass.h">
      <Filter>Файлы заголовков\world\settlement\buildings</Filter>
    </ClInclude>
    <ClInclude Include="houseClass.h">
      <Filter>Файлы заголовков\world\settlement\buildings</Filter>
    </ClInclude>
    <ClInclude Include="humanClass.h">
      <Filter>Файлы заголовков\world\settlement\humans</Filter>
    </ClInclude>
    <ClInclude Include="queueClass.h">
      <Filter>Файлы заголовков\additional</Filter>
    </ClInclude>
    <ClInclude Include="builderClass.h">
      <Filter>Файлы заголовков\world\settlement\humans</Filter>
    </ClInclude>
    <ClInclude Include="bushClass.h">
      <Filter>Файлы заголовков\world\objects</Filter>
    </ClInclude>
    <ClInclude Include="rockClass.h">
      <Filter>Файлы заголовков\world\objects</Filter>
    </ClInclude>
    <ClInclude Include="treeClass.h">
      <Filter>Файлы заголовков\world\objects</Filter>
    </ClInclude>
    <ClInclude Include="farmerClass.h">
      <Filter>Файлы заголовков\world\settlement\humans</Filter>
    </ClInclude>
    <ClInclude Include="houseAreaClass.h">
      <Filter>Файлы заголовков\world\settlement</Filter>
    </ClInclude>
    <ClInclude Include="searchNearestObject.h">
      <Filter>Файлы заголовков\additional</Filter>
    </ClInclude>
    <ClInclude Include="fieldClass.h">
      <Filter>Файлы заголовков\world</Filter>
    </ClInclude>
    <ClInclude Include="imageClass.h">
      <Filter>Файлы заголовков\root</Filter>
    </ClInclude>
    <ClInclude Include="baseGameClass.h">
      <Filter>Файлы заголовков\root</Filter>
    </ClInclude>
    <ClInclude Include="settings.h">
      <Filter>Файлы заголовков\root</Filter>
    </ClInclude>
    <ClInclude Include="settlmentActionsClass.h">
      <Filter>Файлы заголовков</Filter>
    </ClInclude>
    <ClInclude Include="binarySort.h">
      <Filter>Файлы заголовков</Filter>
    </ClInclude>
    <ClInclude Include="headerClass.h">
      <Filter>Файлы заголовков</Filter>
    </ClInclude>
  </ItemGroup>
  <ItemGroup>
    <Image Include="images\fieldImages\bushWithBerry.png">
      <Filter>Файлы ресурсов\fieldImges</Filter>
    </Image>
    <Image Include="images\fieldImages\bushWithBerryHouseArea.png">
      <Filter>Файлы ресурсов\fieldImges</Filter>
    </Image>
    <Image Include="images\fieldImages\bushWithBerryVisibleArea.png">
      <Filter>Файлы ресурсов\fieldImges</Filter>
    </Image>
    <Image Include="images\fieldImages\bushWithoutBerryHouseArea.png">
      <Filter>Файлы ресурсов\fieldImges</Filter>
    </Image>
    <Image Include="images\fieldImages\emptyCell.png">
      <Filter>Файлы ресурсов\fieldImges</Filter>
    </Image>
    <Image Include="images\fieldImages\emptyCellHouseArea.png">
      <Filter>Файлы ресурсов\fieldImges</Filter>
    </Image>
    <Image Include="images\fieldImages\emptyCellVisibleArea.png">
      <Filter>Файлы ресурсов\fieldImges</Filter>
    </Image>
    <Image Include="images\fieldImages\farmImg.png">
      <Filter>Файлы ресурсов\fieldImges</Filter>
    </Image>
    <Image Include="images\fieldImages\houseHomeAreaImg.png">
      <Filter>Файлы ресурсов\fieldImges</Filter>
    </Image>
    <Image Include="images\fieldImages\personCellHouseArea.png">
      <Filter>Файлы ресурсов\fieldImges</Filter>
    </Image>
    <Image Include="images\fieldImages\personCellVisibleArea.png">
      <Filter>Файлы ресурсов\fieldImges</Filter>
    </Image>
    <Image Include="images\fieldImages\rockCell.png">
      <Filter>Файлы ресурсов\fieldImges</Filter>
    </Image>
    <Image Include="images\fieldImages\rockCellHouseArea.png">
      <Filter>Файлы ресурсов\fieldImges</Filter>
    </Image>
    <Image Include="images\fieldImages\rockCellVisibleArea.png">
      <Filter>Файлы ресурсов\fieldImges</Filter>
    </Image>
    <Image Include="images\fieldImages\treeCell.png">
      <Filter>Файлы ресурсов\fieldImges</Filter>
    </Image>
    <Image Include="images\fieldImages\treeCellHouseArea.png">
      <Filter>Файлы ресурсов\fieldImges</Filter>
    </Image>
    <Image Include="images\fieldImages\treeCellVisibleArea.png">
      <Filter>Файлы ресурсов\fieldImges</Filter>
    </Image>
    <Image Include="images\headerImgs\bgTemp.png">
      <Filter>Файлы ресурсов\headerImgs</Filter>
    </Image>
    <Image Include="images\headerImgs\numbers.png">
      <Filter>Файлы ресурсов\headerImgs</Filter>
    </Image>
    <Image Include="images\headerImgs\btnsSpriteList.png">
      <Filter>Файлы ресурсов\headerImgs</Filter>
    </Image>
  </ItemGroup>
</Project>